
Microsoft Visual Studio Solution File, Format Version 12.00
# Visual Studio Version 17
VisualStudioVersion = 17.12.35506.116
MinimumVisualStudioVersion = 10.0.40219.1
Project("{FAE04EC0-301F-11D3-BF4B-00C04F79EFBC}") = "Anun.API", "Anun.API\Anun.API.csproj", "{28B9F041-E178-4BD4-822B-4F2D0998B799}"
EndProject
Project("{FAE04EC0-301F-11D3-BF4B-00C04F79EFBC}") = "Anun.SHARED", "Anun.SHARED\Anun.SHARED.csproj", "{DFABD23E-9AE4-4F02-A10E-90D983DA11E0}"
EndProject
Project("{FAE04EC0-301F-11D3-BF4B-00C04F79EFBC}") = "Anun.WEB", "Anun.WEB\Anun.WEB.csproj", "{2BD9EE9C-7A7B-44D3-A33E-3160BB9651BB}"
EndProject
Global
	GlobalSection(SolutionConfigurationPlatforms) = preSolution
		Debug|Any CPU = Debug|Any CPU
		Release|Any CPU = Release|Any CPU
	EndGlobalSection
	GlobalSection(ProjectConfigurationPlatforms) = postSolution
		{28B9F041-E178-4BD4-822B-4F2D0998B799}.Debug|Any CPU.ActiveCfg = Debug|Any CPU
		{28B9F041-E178-4BD4-822B-4F2D0998B799}.Debug|Any CPU.Build.0 = Debug|Any CPU
		{28B9F041-E178-4BD4-822B-4F2D0998B799}.Release|Any CPU.ActiveCfg = Release|Any CPU
		{28B9F041-E178-4BD4-822B-4F2D0998B799}.Release|Any CPU.Build.0 = Release|Any CPU
		{DFABD23E-9AE4-4F02-A10E-90D983DA11E0}.Debug|Any CPU.ActiveCfg = Debug|Any CPU
		{DFABD23E-9AE4-4F02-A10E-90D983DA11E0}.Debug|Any CPU.Build.0 = Debug|Any CPU
		{DFABD23E-9AE4-4F02-A10E-90D983DA11E0}.Release|Any CPU.ActiveCfg = Release|Any CPU
		{DFABD23E-9AE4-4F02-A10E-90D983DA11E0}.Release|Any CPU.Build.0 = Release|Any CPU
		{2BD9EE9C-7A7B-44D3-A33E-3160BB9651BB}.Debug|Any CPU.ActiveCfg = Debug|Any CPU
		{2BD9EE9C-7A7B-44D3-A33E-3160BB9651BB}.Debug|Any CPU.Build.0 = Debug|Any CPU
		{2BD9EE9C-7A7B-44D3-A33E-3160BB9651BB}.Release|Any CPU.ActiveCfg = Release|Any CPU
		{2BD9EE9C-7A7B-44D3-A33E-3160BB9651BB}.Release|Any CPU.Build.0 = Release|Any CPU
	EndGlobalSection
	GlobalSection(SolutionProperties) = preSolution
		HideSolutionNode = FALSE
	EndGlobalSection
EndGlobal
